
Microsoft Visual Studio Solution File, Format Version 12.00
# Visual Studio Version 17
VisualStudioVersion = 17.14.36221.1 d17.14
MinimumVisualStudioVersion = 10.0.40219.1
Project("{FAE04EC0-301F-11D3-BF4B-00C04F79EFBC}") = "BookHubApi", "BookHubApi.csproj", "{596FA423-DEA9-490E-ADB9-F277EE41F5A7}"
EndProject
Global
	GlobalSection(SolutionConfigurationPlatforms) = preSolution
		Debug|Any CPU = Debug|Any CPU
		Release|Any CPU = Release|Any CPU
	EndGlobalSection
	GlobalSection(ProjectConfigurationPlatforms) = postSolution
		{596FA423-DEA9-490E-ADB9-F277EE41F5A7}.Debug|Any CPU.ActiveCfg = Debug|Any CPU
		{596FA423-DEA9-490E-ADB9-F277EE41F5A7}.Debug|Any CPU.Build.0 = Debug|Any CPU
		{596FA423-DEA9-490E-ADB9-F277EE41F5A7}.Release|Any CPU.ActiveCfg = Release|Any CPU
		{596FA423-DEA9-490E-ADB9-F277EE41F5A7}.Release|Any CPU.Build.0 = Release|Any CPU
	EndGlobalSection
	GlobalSection(SolutionProperties) = preSolution
		HideSolutionNode = FALSE
	EndGlobalSection
	GlobalSection(ExtensibilityGlobals) = postSolution
		SolutionGuid = {70247AEF-22A6-4B2E-9DBC-4F5EE550D21C}
	EndGlobalSection
EndGlobal
